
Microsoft Visual Studio Solution File, Format Version 12.00
# Visual Studio 15
VisualStudioVersion = 15.0.27130.2036
MinimumVisualStudioVersion = 10.0.40219.1
Project("{FAE04EC0-301F-11D3-BF4B-00C04F79EFBC}") = "Flagship", "Flagship\Flagship.csproj", "{919DE668-8094-4D2C-876B-3A983B17F9F0}"
EndProject
Global
	GlobalSection(SolutionConfigurationPlatforms) = preSolution
		Debug|Any CPU = Debug|Any CPU
		Release|Any CPU = Release|Any CPU
	EndGlobalSection
	GlobalSection(ProjectConfigurationPlatforms) = postSolution
		{919DE668-8094-4D2C-876B-3A983B17F9F0}.Debug|Any CPU.ActiveCfg = Debug|Any CPU
		{919DE668-8094-4D2C-876B-3A983B17F9F0}.Debug|Any CPU.Build.0 = Debug|Any CPU
		{919DE668-8094-4D2C-876B-3A983B17F9F0}.Release|Any CPU.ActiveCfg = Release|Any CPU
		{919DE668-8094-4D2C-876B-3A983B17F9F0}.Release|Any CPU.Build.0 = Release|Any CPU
	EndGlobalSection
	GlobalSection(SolutionProperties) = preSolution
		HideSolutionNode = FALSE
	EndGlobalSection
	GlobalSection(ExtensibilityGlobals) = postSolution
		SolutionGuid = {A93C5F9E-ACE4-4515-8556-79226ADA93DF}
	EndGlobalSection
EndGlobal
